
Microsoft Visual Studio Solution File, Format Version 12.00
# Visual Studio Version 16
VisualStudioVersion = 16.0.30002.166
MinimumVisualStudioVersion = 10.0.40219.1
Project("{FAE04EC0-301F-11D3-BF4B-00C04F79EFBC}") = "-1.c", "-1.c.csproj", "{05481E79-0503-4A7B-B0A2-75E436306214}"
EndProject
Global
	GlobalSection(SolutionConfigurationPlatforms) = preSolution
		Debug|Any CPU = Debug|Any CPU
		Release|Any CPU = Release|Any CPU
	EndGlobalSection
	GlobalSection(ProjectConfigurationPlatforms) = postSolution
		{05481E79-0503-4A7B-B0A2-75E436306214}.Debug|Any CPU.ActiveCfg = Debug|Any CPU
		{05481E79-0503-4A7B-B0A2-75E436306214}.Debug|Any CPU.Build.0 = Debug|Any CPU
		{05481E79-0503-4A7B-B0A2-75E436306214}.Release|Any CPU.ActiveCfg = Release|Any CPU
		{05481E79-0503-4A7B-B0A2-75E436306214}.Release|Any CPU.Build.0 = Release|Any CPU
	EndGlobalSection
	GlobalSection(SolutionProperties) = preSolution
		HideSolutionNode = FALSE
	EndGlobalSection
	GlobalSection(ExtensibilityGlobals) = postSolution
		SolutionGuid = {190A9CE8-1B99-4B8F-864A-F0432E931FEA}
	EndGlobalSection
EndGlobal
